
Microsoft Visual Studio Solution File, Format Version 11.00
# Visual Studio 2010
Project("{8BC9CEB8-8B4A-11D0-8D11-00A0C91BC942}") = "cximage", "CxImage\cximage.vcxproj", "{4CAE3A89-7DEA-A56E-6BA5-269DBDC63327}"
EndProject
Project("{8BC9CEB8-8B4A-11D0-8D11-00A0C91BC942}") = "CxImageCrtDll", "CxImage\CxImageDLL\CxImageCrtDll.vcxproj", "{53042640-A936-847C-C3BC-51B57F3B46C0}"
	ProjectSection(ProjectDependencies) = postProject
		{88B09A8A-28A4-9A31-8849-63C9C684CBDD} = {88B09A8A-28A4-9A31-8849-63C9C684CBDD}
		{7C3CCFE4-64A2-376A-22EB-312CFBFD0B06} = {7C3CCFE4-64A2-376A-22EB-312CFBFD0B06}
		{8CEB980A-BCB4-B558-1AE3-9D6B2A8514D8} = {8CEB980A-BCB4-B558-1AE3-9D6B2A8514D8}
		{FAABFFAA-5C4E-AF30-E8A1-141969D8B6D8} = {FAABFFAA-5C4E-AF30-E8A1-141969D8B6D8}
		{785441DB-E70E-996B-D9A3-D4C5A0BA365E} = {785441DB-E70E-996B-D9A3-D4C5A0BA365E}
		{256FCCA2-C3EA-6145-7C4B-420D5E7EB3D4} = {256FCCA2-C3EA-6145-7C4B-420D5E7EB3D4}
		{03F4D10E-974B-1811-E7DF-B373F4B890B6} = {03F4D10E-974B-1811-E7DF-B373F4B890B6}
		{D7D30D23-3F52-8150-10D4-E9691B19690B} = {D7D30D23-3F52-8150-10D4-E9691B19690B}
	EndProjectSection
EndProject
Project("{8BC9CEB8-8B4A-11D0-8D11-00A0C91BC942}") = "cximagemfcdll", "CxImage\CxImageDLL\cximagemfcdll.vcxproj", "{CEC521AE-F6F1-1769-2AAC-DCB948C9CE11}"
	ProjectSection(ProjectDependencies) = postProject
		{88B09A8A-28A4-9A31-8849-63C9C684CBDD} = {88B09A8A-28A4-9A31-8849-63C9C684CBDD}
		{7C3CCFE4-64A2-376A-22EB-312CFBFD0B06} = {7C3CCFE4-64A2-376A-22EB-312CFBFD0B06}
		{8CEB980A-BCB4-B558-1AE3-9D6B2A8514D8} = {8CEB980A-BCB4-B558-1AE3-9D6B2A8514D8}
		{FAABFFAA-5C4E-AF30-E8A1-141969D8B6D8} = {FAABFFAA-5C4E-AF30-E8A1-141969D8B6D8}
		{785441DB-E70E-996B-D9A3-D4C5A0BA365E} = {785441DB-E70E-996B-D9A3-D4C5A0BA365E}
		{256FCCA2-C3EA-6145-7C4B-420D5E7EB3D4} = {256FCCA2-C3EA-6145-7C4B-420D5E7EB3D4}
		{03F4D10E-974B-1811-E7DF-B373F4B890B6} = {03F4D10E-974B-1811-E7DF-B373F4B890B6}
		{D7D30D23-3F52-8150-10D4-E9691B19690B} = {D7D30D23-3F52-8150-10D4-E9691B19690B}
	EndProjectSection
EndProject
Project("{8BC9CEB8-8B4A-11D0-8D11-00A0C91BC942}") = "demo", "demo\demo.vcxproj", "{37E3619F-F369-E9CC-A414-04E59F26C5AC}"
	ProjectSection(ProjectDependencies) = postProject
		{4CAE3A89-7DEA-A56E-6BA5-269DBDC63327} = {4CAE3A89-7DEA-A56E-6BA5-269DBDC63327}
		{7C3CCFE4-64A2-376A-22EB-312CFBFD0B06} = {7C3CCFE4-64A2-376A-22EB-312CFBFD0B06}
		{8CEB980A-BCB4-B558-1AE3-9D6B2A8514D8} = {8CEB980A-BCB4-B558-1AE3-9D6B2A8514D8}
		{FAABFFAA-5C4E-AF30-E8A1-141969D8B6D8} = {FAABFFAA-5C4E-AF30-E8A1-141969D8B6D8}
		{785441DB-E70E-996B-D9A3-D4C5A0BA365E} = {785441DB-E70E-996B-D9A3-D4C5A0BA365E}
		{03F4D10E-974B-1811-E7DF-B373F4B890B6} = {03F4D10E-974B-1811-E7DF-B373F4B890B6}
		{88B09A8A-28A4-9A31-8849-63C9C684CBDD} = {88B09A8A-28A4-9A31-8849-63C9C684CBDD}
		{256FCCA2-C3EA-6145-7C4B-420D5E7EB3D4} = {256FCCA2-C3EA-6145-7C4B-420D5E7EB3D4}
		{D7D30D23-3F52-8150-10D4-E9691B19690B} = {D7D30D23-3F52-8150-10D4-E9691B19690B}
	EndProjectSection
EndProject
Project("{8BC9CEB8-8B4A-11D0-8D11-00A0C91BC942}") = "demoDLL", "demo\demoDLL.vcxproj", "{F387E4C7-669B-4545-4FB7-44F6A262C183}"
	ProjectSection(ProjectDependencies) = postProject
		{53042640-A936-847C-C3BC-51B57F3B46C0} = {53042640-A936-847C-C3BC-51B57F3B46C0}
	EndProjectSection
EndProject
Project("{8BC9CEB8-8B4A-11D0-8D11-00A0C91BC942}") = "jasper", "jasper\jasper.vcxproj", "{256FCCA2-C3EA-6145-7C4B-420D5E7EB3D4}"
EndProject
Project("{8BC9CEB8-8B4A-11D0-8D11-00A0C91BC942}") = "jbig", "jbig\jbig.vcxproj", "{88B09A8A-28A4-9A31-8849-63C9C684CBDD}"
EndProject
Project("{8BC9CEB8-8B4A-11D0-8D11-00A0C91BC942}") = "Jpeg", "jpeg\Jpeg.vcxproj", "{7C3CCFE4-64A2-376A-22EB-312CFBFD0B06}"
EndProject
Project("{8BC9CEB8-8B4A-11D0-8D11-00A0C91BC942}") = "libdcr", "raw\libdcr.vcxproj", "{D7D30D23-3F52-8150-10D4-E9691B19690B}"
EndProject
Project("{8BC9CEB8-8B4A-11D0-8D11-00A0C91BC942}") = "mng", "mng\mng.vcxproj", "{03F4D10E-974B-1811-E7DF-B373F4B890B6}"
EndProject
Project("{8BC9CEB8-8B4A-11D0-8D11-00A0C91BC942}") = "png", "png\png.vcxproj", "{8CEB980A-BCB4-B558-1AE3-9D6B2A8514D8}"
EndProject
Project("{8BC9CEB8-8B4A-11D0-8D11-00A0C91BC942}") = "Tiff", "tiff\Tiff.vcxproj", "{FAABFFAA-5C4E-AF30-E8A1-141969D8B6D8}"
EndProject
Project("{8BC9CEB8-8B4A-11D0-8D11-00A0C91BC942}") = "zlib", "zlib\zlib.vcxproj", "{785441DB-E70E-996B-D9A3-D4C5A0BA365E}"
EndProject
Global
	GlobalSection(SolutionConfigurationPlatforms) = preSolution
		Debug|x64 = Debug|x64
		Release|x64 = Release|x64
		Template|x64 = Template|x64
		Unicode Debug|x64 = Unicode Debug|x64
		Unicode Release|x64 = Unicode Release|x64
	EndGlobalSection
	GlobalSection(ProjectConfigurationPlatforms) = postSolution
		{4CAE3A89-7DEA-A56E-6BA5-269DBDC63327}.Debug|x64.ActiveCfg = Debug|x64
		{4CAE3A89-7DEA-A56E-6BA5-269DBDC63327}.Debug|x64.Build.0 = Debug|x64
		{4CAE3A89-7DEA-A56E-6BA5-269DBDC63327}.Release|x64.ActiveCfg = Release|x64
		{4CAE3A89-7DEA-A56E-6BA5-269DBDC63327}.Release|x64.Build.0 = Release|x64
		{4CAE3A89-7DEA-A56E-6BA5-269DBDC63327}.Template|x64.ActiveCfg = Unicode Release|x64
		{4CAE3A89-7DEA-A56E-6BA5-269DBDC63327}.Template|x64.Build.0 = Unicode Release|x64
		{4CAE3A89-7DEA-A56E-6BA5-269DBDC63327}.Unicode Debug|x64.ActiveCfg = Unicode Debug|x64
		{4CAE3A89-7DEA-A56E-6BA5-269DBDC63327}.Unicode Debug|x64.Build.0 = Unicode Debug|x64
		{4CAE3A89-7DEA-A56E-6BA5-269DBDC63327}.Unicode Release|x64.ActiveCfg = Unicode Release|x64
		{4CAE3A89-7DEA-A56E-6BA5-269DBDC63327}.Unicode Release|x64.Build.0 = Unicode Release|x64
		{53042640-A936-847C-C3BC-51B57F3B46C0}.Debug|x64.ActiveCfg = Debug|x64
		{53042640-A936-847C-C3BC-51B57F3B46C0}.Debug|x64.Build.0 = Debug|x64
		{53042640-A936-847C-C3BC-51B57F3B46C0}.Release|x64.ActiveCfg = Release|x64
		{53042640-A936-847C-C3BC-51B57F3B46C0}.Release|x64.Build.0 = Release|x64
		{53042640-A936-847C-C3BC-51B57F3B46C0}.Template|x64.ActiveCfg = Template|x64
		{53042640-A936-847C-C3BC-51B57F3B46C0}.Template|x64.Build.0 = Template|x64
		{53042640-A936-847C-C3BC-51B57F3B46C0}.Unicode Debug|x64.ActiveCfg = Unicode Debug|x64
		{53042640-A936-847C-C3BC-51B57F3B46C0}.Unicode Debug|x64.Build.0 = Unicode Debug|x64
		{53042640-A936-847C-C3BC-51B57F3B46C0}.Unicode Release|x64.ActiveCfg = Unicode Release|x64
		{53042640-A936-847C-C3BC-51B57F3B46C0}.Unicode Release|x64.Build.0 = Unicode Release|x64
		{CEC521AE-F6F1-1769-2AAC-DCB948C9CE11}.Debug|x64.ActiveCfg = Debug|x64
		{CEC521AE-F6F1-1769-2AAC-DCB948C9CE11}.Debug|x64.Build.0 = Debug|x64
		{CEC521AE-F6F1-1769-2AAC-DCB948C9CE11}.Release|x64.ActiveCfg = Release|x64
		{CEC521AE-F6F1-1769-2AAC-DCB948C9CE11}.Release|x64.Build.0 = Release|x64
		{CEC521AE-F6F1-1769-2AAC-DCB948C9CE11}.Template|x64.ActiveCfg = Template|x64
		{CEC521AE-F6F1-1769-2AAC-DCB948C9CE11}.Template|x64.Build.0 = Template|x64
		{CEC521AE-F6F1-1769-2AAC-DCB948C9CE11}.Unicode Debug|x64.ActiveCfg = Unicode Debug|x64
		{CEC521AE-F6F1-1769-2AAC-DCB948C9CE11}.Unicode Debug|x64.Build.0 = Unicode Debug|x64
		{CEC521AE-F6F1-1769-2AAC-DCB948C9CE11}.Unicode Release|x64.ActiveCfg = Unicode Release|x64
		{CEC521AE-F6F1-1769-2AAC-DCB948C9CE11}.Unicode Release|x64.Build.0 = Unicode Release|x64
		{37E3619F-F369-E9CC-A414-04E59F26C5AC}.Debug|x64.ActiveCfg = Debug|x64
		{37E3619F-F369-E9CC-A414-04E59F26C5AC}.Debug|x64.Build.0 = Debug|x64
		{37E3619F-F369-E9CC-A414-04E59F26C5AC}.Release|x64.ActiveCfg = Release|x64
		{37E3619F-F369-E9CC-A414-04E59F26C5AC}.Release|x64.Build.0 = Release|x64
		{37E3619F-F369-E9CC-A414-04E59F26C5AC}.Template|x64.ActiveCfg = Template|x64
		{37E3619F-F369-E9CC-A414-04E59F26C5AC}.Template|x64.Build.0 = Template|x64
		{37E3619F-F369-E9CC-A414-04E59F26C5AC}.Unicode Debug|x64.ActiveCfg = Unicode Debug|x64
		{37E3619F-F369-E9CC-A414-04E59F26C5AC}.Unicode Debug|x64.Build.0 = Unicode Debug|x64
		{37E3619F-F369-E9CC-A414-04E59F26C5AC}.Unicode Release|x64.ActiveCfg = Unicode Release|x64
		{37E3619F-F369-E9CC-A414-04E59F26C5AC}.Unicode Release|x64.Build.0 = Unicode Release|x64
		{F387E4C7-669B-4545-4FB7-44F6A262C183}.Debug|x64.ActiveCfg = Debug|x64
		{F387E4C7-669B-4545-4FB7-44F6A262C183}.Debug|x64.Build.0 = Debug|x64
		{F387E4C7-669B-4545-4FB7-44F6A262C183}.Release|x64.ActiveCfg = Release|x64
		{F387E4C7-669B-4545-4FB7-44F6A262C183}.Release|x64.Build.0 = Release|x64
		{F387E4C7-669B-4545-4FB7-44F6A262C183}.Template|x64.ActiveCfg = Template|x64
		{F387E4C7-669B-4545-4FB7-44F6A262C183}.Template|x64.Build.0 = Template|x64
		{F387E4C7-669B-4545-4FB7-44F6A262C183}.Unicode Debug|x64.ActiveCfg = Unicode Debug|x64
		{F387E4C7-669B-4545-4FB7-44F6A262C183}.Unicode Debug|x64.Build.0 = Unicode Debug|x64
		{F387E4C7-669B-4545-4FB7-44F6A262C183}.Unicode Release|x64.ActiveCfg = Unicode Release|x64
		{F387E4C7-669B-4545-4FB7-44F6A262C183}.Unicode Release|x64.Build.0 = Unicode Release|x64
		{256FCCA2-C3EA-6145-7C4B-420D5E7EB3D4}.Debug|x64.ActiveCfg = Debug|x64
		{256FCCA2-C3EA-6145-7C4B-420D5E7EB3D4}.Debug|x64.Build.0 = Debug|x64
		{256FCCA2-C3EA-6145-7C4B-420D5E7EB3D4}.Release|x64.ActiveCfg = Release|x64
		{256FCCA2-C3EA-6145-7C4B-420D5E7EB3D4}.Release|x64.Build.0 = Release|x64
		{256FCCA2-C3EA-6145-7C4B-420D5E7EB3D4}.Template|x64.ActiveCfg = Template|x64
		{256FCCA2-C3EA-6145-7C4B-420D5E7EB3D4}.Template|x64.Build.0 = Template|x64
		{256FCCA2-C3EA-6145-7C4B-420D5E7EB3D4}.Unicode Debug|x64.ActiveCfg = Unicode Debug|x64
		{256FCCA2-C3EA-6145-7C4B-420D5E7EB3D4}.Unicode Debug|x64.Build.0 = Unicode Debug|x64
		{256FCCA2-C3EA-6145-7C4B-420D5E7EB3D4}.Unicode Release|x64.ActiveCfg = Unicode Release|x64
		{256FCCA2-C3EA-6145-7C4B-420D5E7EB3D4}.Unicode Release|x64.Build.0 = Unicode Release|x64
		{88B09A8A-28A4-9A31-8849-63C9C684CBDD}.Debug|x64.ActiveCfg = Debug|x64
		{88B09A8A-28A4-9A31-8849-63C9C684CBDD}.Debug|x64.Build.0 = Debug|x64
		{88B09A8A-28A4-9A31-8849-63C9C684CBDD}.Release|x64.ActiveCfg = Release|x64
		{88B09A8A-28A4-9A31-8849-63C9C684CBDD}.Release|x64.Build.0 = Release|x64
		{88B09A8A-28A4-9A31-8849-63C9C684CBDD}.Template|x64.ActiveCfg = Template|x64
		{88B09A8A-28A4-9A31-8849-63C9C684CBDD}.Template|x64.Build.0 = Template|x64
		{88B09A8A-28A4-9A31-8849-63C9C684CBDD}.Unicode Debug|x64.ActiveCfg = Unicode Debug|x64
		{88B09A8A-28A4-9A31-8849-63C9C684CBDD}.Unicode Debug|x64.Build.0 = Unicode Debug|x64
		{88B09A8A-28A4-9A31-8849-63C9C684CBDD}.Unicode Release|x64.ActiveCfg = Unicode Release|x64
		{88B09A8A-28A4-9A31-8849-63C9C684CBDD}.Unicode Release|x64.Build.0 = Unicode Release|x64
		{7C3CCFE4-64A2-376A-22EB-312CFBFD0B06}.Debug|x64.ActiveCfg = Debug|x64
		{7C3CCFE4-64A2-376A-22EB-312CFBFD0B06}.Debug|x64.Build.0 = Debug|x64
		{7C3CCFE4-64A2-376A-22EB-312CFBFD0B06}.Release|x64.ActiveCfg = Release|x64
		{7C3CCFE4-64A2-376A-22EB-312CFBFD0B06}.Release|x64.Build.0 = Release|x64
		{7C3CCFE4-64A2-376A-22EB-312CFBFD0B06}.Template|x64.ActiveCfg = Template|x64
		{7C3CCFE4-64A2-376A-22EB-312CFBFD0B06}.Template|x64.Build.0 = Template|x64
		{7C3CCFE4-64A2-376A-22EB-312CFBFD0B06}.Unicode Debug|x64.ActiveCfg = Unicode Debug|x64
		{7C3CCFE4-64A2-376A-22EB-312CFBFD0B06}.Unicode Debug|x64.Build.0 = Unicode Debug|x64
		{7C3CCFE4-64A2-376A-22EB-312CFBFD0B06}.Unicode Release|x64.ActiveCfg = Unicode Release|x64
		{7C3CCFE4-64A2-376A-22EB-312CFBFD0B06}.Unicode Release|x64.Build.0 = Unicode Release|x64
		{D7D30D23-3F52-8150-10D4-E9691B19690B}.Debug|x64.ActiveCfg = Debug|x64
		{D7D30D23-3F52-8150-10D4-E9691B19690B}.Debug|x64.Build.0 = Debug|x64
		{D7D30D23-3F52-8150-10D4-E9691B19690B}.Release|x64.ActiveCfg = Release|x64
		{D7D30D23-3F52-8150-10D4-E9691B19690B}.Release|x64.Build.0 = Release|x64
		{D7D30D23-3F52-8150-10D4-E9691B19690B}.Template|x64.ActiveCfg = Template|x64
		{D7D30D23-3F52-8150-10D4-E9691B19690B}.Template|x64.Build.0 = Template|x64
		{D7D30D23-3F52-8150-10D4-E9691B19690B}.Unicode Debug|x64.ActiveCfg = Unicode Debug|x64
		{D7D30D23-3F52-8150-10D4-E9691B19690B}.Unicode Debug|x64.Build.0 = Unicode Debug|x64
		{D7D30D23-3F52-8150-10D4-E9691B19690B}.Unicode Release|x64.ActiveCfg = Unicode Release|x64
		{D7D30D23-3F52-8150-10D4-E9691B19690B}.Unicode Release|x64.Build.0 = Unicode Release|x64
		{03F4D10E-974B-1811-E7DF-B373F4B890B6}.Debug|x64.ActiveCfg = Debug|x64
		{03F4D10E-974B-1811-E7DF-B373F4B890B6}.Debug|x64.Build.0 = Debug|x64
		{03F4D10E-974B-1811-E7DF-B373F4B890B6}.Release|x64.ActiveCfg = Release|x64
		{03F4D10E-974B-1811-E7DF-B373F4B890B6}.Release|x64.Build.0 = Release|x64
		{03F4D10E-974B-1811-E7DF-B373F4B890B6}.Template|x64.ActiveCfg = Template|x64
		{03F4D10E-974B-1811-E7DF-B373F4B890B6}.Template|x64.Build.0 = Template|x64
		{03F4D10E-974B-1811-E7DF-B373F4B890B6}.Unicode Debug|x64.ActiveCfg = Unicode Debug|x64
		{03F4D10E-974B-1811-E7DF-B373F4B890B6}.Unicode Debug|x64.Build.0 = Unicode Debug|x64
		{03F4D10E-974B-1811-E7DF-B373F4B890B6}.Unicode Release|x64.ActiveCfg = Unicode Release|x64
		{03F4D10E-974B-1811-E7DF-B373F4B890B6}.Unicode Release|x64.Build.0 = Unicode Release|x64
		{8CEB980A-BCB4-B558-1AE3-9D6B2A8514D8}.Debug|x64.ActiveCfg = Debug|x64
		{8CEB980A-BCB4-B558-1AE3-9D6B2A8514D8}.Debug|x64.Build.0 = Debug|x64
		{8CEB980A-BCB4-B558-1AE3-9D6B2A8514D8}.Release|x64.ActiveCfg = Release|x64
		{8CEB980A-BCB4-B558-1AE3-9D6B2A8514D8}.Release|x64.Build.0 = Release|x64
		{8CEB980A-BCB4-B558-1AE3-9D6B2A8514D8}.Template|x64.ActiveCfg = Template|x64
		{8CEB980A-BCB4-B558-1AE3-9D6B2A8514D8}.Template|x64.Build.0 = Template|x64
		{8CEB980A-BCB4-B558-1AE3-9D6B2A8514D8}.Unicode Debug|x64.ActiveCfg = Unicode Debug|x64
		{8CEB980A-BCB4-B558-1AE3-9D6B2A8514D8}.Unicode Debug|x64.Build.0 = Unicode Debug|x64
		{8CEB980A-BCB4-B558-1AE3-9D6B2A8514D8}.Unicode Release|x64.ActiveCfg = Unicode Release|x64
		{8CEB980A-BCB4-B558-1AE3-9D6B2A8514D8}.Unicode Release|x64.Build.0 = Unicode Release|x64
		{FAABFFAA-5C4E-AF30-E8A1-141969D8B6D8}.Debug|x64.ActiveCfg = Debug|x64
		{FAABFFAA-5C4E-AF30-E8A1-141969D8B6D8}.Debug|x64.Build.0 = Debug|x64
		{FAABFFAA-5C4E-AF30-E8A1-141969D8B6D8}.Release|x64.ActiveCfg = Release|x64
		{FAABFFAA-5C4E-AF30-E8A1-141969D8B6D8}.Release|x64.Build.0 = Release|x64
		{FAABFFAA-5C4E-AF30-E8A1-141969D8B6D8}.Template|x64.ActiveCfg = Template|x64
		{FAABFFAA-5C4E-AF30-E8A1-141969D8B6D8}.Template|x64.Build.0 = Template|x64
		{FAABFFAA-5C4E-AF30-E8A1-141969D8B6D8}.Unicode Debug|x64.ActiveCfg = Unicode Debug|x64
		{FAABFFAA-5C4E-AF30-E8A1-141969D8B6D8}.Unicode Debug|x64.Build.0 = Unicode Debug|x64
		{FAABFFAA-5C4E-AF30-E8A1-141969D8B6D8}.Unicode Release|x64.ActiveCfg = Unicode Release|x64
		{FAABFFAA-5C4E-AF30-E8A1-141969D8B6D8}.Unicode Release|x64.Build.0 = Unicode Release|x64
		{785441DB-E70E-996B-D9A3-D4C5A0BA365E}.Debug|x64.ActiveCfg = Debug|x64
		{785441DB-E70E-996B-D9A3-D4C5A0BA365E}.Debug|x64.Build.0 = Debug|x64
		{785441DB-E70E-996B-D9A3-D4C5A0BA365E}.Release|x64.ActiveCfg = Release|x64
		{785441DB-E70E-996B-D9A3-D4C5A0BA365E}.Release|x64.Build.0 = Release|x64
		{785441DB-E70E-996B-D9A3-D4C5A0BA365E}.Template|x64.ActiveCfg = Template|x64
		{785441DB-E70E-996B-D9A3-D4C5A0BA365E}.Template|x64.Build.0 = Template|x64
		{785441DB-E70E-996B-D9A3-D4C5A0BA365E}.Unicode Debug|x64.ActiveCfg = Unicode Debug|x64
		{785441DB-E70E-996B-D9A3-D4C5A0BA365E}.Unicode Debug|x64.Build.0 = Unicode Debug|x64
		{785441DB-E70E-996B-D9A3-D4C5A0BA365E}.Unicode Release|x64.ActiveCfg = Unicode Release|x64
		{785441DB-E70E-996B-D9A3-D4C5A0BA365E}.Unicode Release|x64.Build.0 = Unicode Release|x64
	EndGlobalSection
	GlobalSection(SolutionProperties) = preSolution
		HideSolutionNode = FALSE
	EndGlobalSection
EndGlobal
